
Microsoft Visual Studio Solution File, Format Version 12.00
# Visual Studio Version 17
VisualStudioVersion = 17.10.34928.147
MinimumVisualStudioVersion = 10.0.40219.1
Project("{9A19103F-16F7-4668-BE54-9A1E7A4F7556}") = "CoreWebApiV08.API", "CoreWebApiV08.API\CoreWebApiV08.API.csproj", "{43519E7C-D65B-4E8C-BF1D-5DAA1E056141}"
EndProject
Project("{FAE04EC0-301F-11D3-BF4B-00C04F79EFBC}") = "CoreWebApiV08.XUnitTest", "CoreWebApiV08.XUnitTest\CoreWebApiV08.XUnitTest.csproj", "{474A0AF8-3023-4036-A245-A54541E23E71}"
EndProject
Global
	GlobalSection(SolutionConfigurationPlatforms) = preSolution
		Debug|Any CPU = Debug|Any CPU
		Release|Any CPU = Release|Any CPU
	EndGlobalSection
	GlobalSection(ProjectConfigurationPlatforms) = postSolution
		{43519E7C-D65B-4E8C-BF1D-5DAA1E056141}.Debug|Any CPU.ActiveCfg = Debug|Any CPU
		{43519E7C-D65B-4E8C-BF1D-5DAA1E056141}.Debug|Any CPU.Build.0 = Debug|Any CPU
		{43519E7C-D65B-4E8C-BF1D-5DAA1E056141}.Release|Any CPU.ActiveCfg = Release|Any CPU
		{43519E7C-D65B-4E8C-BF1D-5DAA1E056141}.Release|Any CPU.Build.0 = Release|Any CPU
		{474A0AF8-3023-4036-A245-A54541E23E71}.Debug|Any CPU.ActiveCfg = Debug|Any CPU
		{474A0AF8-3023-4036-A245-A54541E23E71}.Debug|Any CPU.Build.0 = Debug|Any CPU
		{474A0AF8-3023-4036-A245-A54541E23E71}.Release|Any CPU.ActiveCfg = Release|Any CPU
		{474A0AF8-3023-4036-A245-A54541E23E71}.Release|Any CPU.Build.0 = Release|Any CPU
	EndGlobalSection
	GlobalSection(SolutionProperties) = preSolution
		HideSolutionNode = FALSE
	EndGlobalSection
	GlobalSection(ExtensibilityGlobals) = postSolution
		SolutionGuid = {B539BE22-B9CF-4EAA-A5E9-3D65DBF8BBA7}
	EndGlobalSection
EndGlobal
